
Microsoft Visual Studio Solution File, Format Version 12.00
# Visual Studio Version 16
VisualStudioVersion = 16.0.32228.343
MinimumVisualStudioVersion = 10.0.40219.1
Project("{FAE04EC0-301F-11D3-BF4B-00C04F79EFBC}") = "RapidPayChallenge", "RapidPayChallenge\RapidPayChallenge.csproj", "{8D75F4B5-A115-4274-B82B-575546927303}"
	ProjectSection(ProjectDependencies) = postProject
		{EA02420A-DF51-47D4-82B0-6E14FB15D128} = {EA02420A-DF51-47D4-82B0-6E14FB15D128}
		{673DBF29-C3E2-4A7A-87F3-C34531D62C7D} = {673DBF29-C3E2-4A7A-87F3-C34531D62C7D}
	EndProjectSection
EndProject
Project("{FAE04EC0-301F-11D3-BF4B-00C04F79EFBC}") = "RapidPayChallenge.Domain", "RapidPayChallenge.Domain\RapidPayChallenge.Domain.csproj", "{673DBF29-C3E2-4A7A-87F3-C34531D62C7D}"
EndProject
Project("{FAE04EC0-301F-11D3-BF4B-00C04F79EFBC}") = "RapidPayChallenge.CardMngr", "RapidPayChallenge.CardMngr\RapidPayChallenge.CardMngr.csproj", "{EA02420A-DF51-47D4-82B0-6E14FB15D128}"
EndProject
Project("{FAE04EC0-301F-11D3-BF4B-00C04F79EFBC}") = "RapidPayChallenge.Data", "RapidPayChallenge.Data\RapidPayChallenge.Data.csproj", "{2B15416D-9B80-47C9-B573-83CB8F842153}"
EndProject
Project("{FAE04EC0-301F-11D3-BF4B-00C04F79EFBC}") = "RapidPayChallenge.PaymFees", "RapidPayChallenge.PaymFees\RapidPayChallenge.PaymFees.csproj", "{3CD4FC59-5AE2-4EC4-9871-28DA8E2B43C5}"
EndProject
Global
	GlobalSection(SolutionConfigurationPlatforms) = preSolution
		Debug|Any CPU = Debug|Any CPU
		Release|Any CPU = Release|Any CPU
	EndGlobalSection
	GlobalSection(ProjectConfigurationPlatforms) = postSolution
		{8D75F4B5-A115-4274-B82B-575546927303}.Debug|Any CPU.ActiveCfg = Debug|Any CPU
		{8D75F4B5-A115-4274-B82B-575546927303}.Debug|Any CPU.Build.0 = Debug|Any CPU
		{8D75F4B5-A115-4274-B82B-575546927303}.Release|Any CPU.ActiveCfg = Release|Any CPU
		{8D75F4B5-A115-4274-B82B-575546927303}.Release|Any CPU.Build.0 = Release|Any CPU
		{673DBF29-C3E2-4A7A-87F3-C34531D62C7D}.Debug|Any CPU.ActiveCfg = Debug|Any CPU
		{673DBF29-C3E2-4A7A-87F3-C34531D62C7D}.Debug|Any CPU.Build.0 = Debug|Any CPU
		{673DBF29-C3E2-4A7A-87F3-C34531D62C7D}.Release|Any CPU.ActiveCfg = Release|Any CPU
		{673DBF29-C3E2-4A7A-87F3-C34531D62C7D}.Release|Any CPU.Build.0 = Release|Any CPU
		{EA02420A-DF51-47D4-82B0-6E14FB15D128}.Debug|Any CPU.ActiveCfg = Debug|Any CPU
		{EA02420A-DF51-47D4-82B0-6E14FB15D128}.Debug|Any CPU.Build.0 = Debug|Any CPU
		{EA02420A-DF51-47D4-82B0-6E14FB15D128}.Release|Any CPU.ActiveCfg = Release|Any CPU
		{EA02420A-DF51-47D4-82B0-6E14FB15D128}.Release|Any CPU.Build.0 = Release|Any CPU
		{2B15416D-9B80-47C9-B573-83CB8F842153}.Debug|Any CPU.ActiveCfg = Debug|Any CPU
		{2B15416D-9B80-47C9-B573-83CB8F842153}.Debug|Any CPU.Build.0 = Debug|Any CPU
		{2B15416D-9B80-47C9-B573-83CB8F842153}.Release|Any CPU.ActiveCfg = Release|Any CPU
		{2B15416D-9B80-47C9-B573-83CB8F842153}.Release|Any CPU.Build.0 = Release|Any CPU
		{3CD4FC59-5AE2-4EC4-9871-28DA8E2B43C5}.Debug|Any CPU.ActiveCfg = Debug|Any CPU
		{3CD4FC59-5AE2-4EC4-9871-28DA8E2B43C5}.Debug|Any CPU.Build.0 = Debug|Any CPU
		{3CD4FC59-5AE2-4EC4-9871-28DA8E2B43C5}.Release|Any CPU.ActiveCfg = Release|Any CPU
		{3CD4FC59-5AE2-4EC4-9871-28DA8E2B43C5}.Release|Any CPU.Build.0 = Release|Any CPU
	EndGlobalSection
	GlobalSection(SolutionProperties) = preSolution
		HideSolutionNode = FALSE
	EndGlobalSection
	GlobalSection(ExtensibilityGlobals) = postSolution
		SolutionGuid = {8717708D-6F0B-47AE-90EF-3F9F0A3E12CA}
	EndGlobalSection
EndGlobal
